
Microsoft Visual Studio Solution File, Format Version 11.00
# Visual C++ Express 2010
Project("{8BC9CEB8-8B4A-11D0-8D11-00A0C91BC942}") = "Projection", "Projection.vcxproj", "{871C7266-F15D-4254-99D6-9E013F87FE3C}"
	ProjectSection(ProjectDependencies) = postProject
		{A37076C7-EA1C-4D26-B853-1FAE40BCEB24} = {A37076C7-EA1C-4D26-B853-1FAE40BCEB24}
	EndProjectSection
EndProject
Project("{8BC9CEB8-8B4A-11D0-8D11-00A0C91BC942}") = "core", "core.vcxproj", "{A37076C7-EA1C-4D26-B853-1FAE40BCEB24}"
EndProject
Global
	GlobalSection(SolutionConfigurationPlatforms) = preSolution
		Debug|Win32 = Debug|Win32
		Release|Win32 = Release|Win32
	EndGlobalSection
	GlobalSection(ProjectConfigurationPlatforms) = postSolution
		{871C7266-F15D-4254-99D6-9E013F87FE3C}.Debug|Win32.ActiveCfg = Debug|Win32
		{871C7266-F15D-4254-99D6-9E013F87FE3C}.Debug|Win32.Build.0 = Debug|Win32
		{871C7266-F15D-4254-99D6-9E013F87FE3C}.Release|Win32.ActiveCfg = Release|Win32
		{871C7266-F15D-4254-99D6-9E013F87FE3C}.Release|Win32.Build.0 = Release|Win32
		{A37076C7-EA1C-4D26-B853-1FAE40BCEB24}.Debug|Win32.ActiveCfg = Debug|Win32
		{A37076C7-EA1C-4D26-B853-1FAE40BCEB24}.Debug|Win32.Build.0 = Debug|Win32
		{A37076C7-EA1C-4D26-B853-1FAE40BCEB24}.Release|Win32.ActiveCfg = Release|Win32
		{A37076C7-EA1C-4D26-B853-1FAE40BCEB24}.Release|Win32.Build.0 = Release|Win32
	EndGlobalSection
	GlobalSection(SolutionProperties) = preSolution
		HideSolutionNode = FALSE
	EndGlobalSection
EndGlobal
